[ "bcrypt": "1f1b4114f8b96184d2fb860e7d3121aed341c3b4",
  "cowboy": "0b82eebed654bd894802acb52697a4d4187cb228",
  "edown": "35f8296a25d14c5c1e3209399a2c1856700d9d5b",
  "erlpass": "9df3643db39b5acad44643ddbcabb090437c8519",
  "exreloader": "82e1bd157b75ed4a362f128d9d24646f36a586ba",
  "genx": "da972d408887c137a538430f0f5b65c1ff2bbf69",
  "hackney": "896fc24e8efb4a5a6966cae13e749ab7cf1f73e2",
  "lager": "9981ca0b4d7a57a421f7a6bba71e2087c0d614ed",
  "lagerex": "4152858bfb058b9e2fc91cd7df9270ecb621a019",
  "mimetypes": "e9dfab5aec98963589ecf13bdfcf0490667a730d",
  "proper": "8f09ee5252f595f32f9a8fd45b8e530b1a3fdfeb",
  "ranch": "cd099983b1b807b87fa050d1e4ff0a13aba25b49",
  "relex": "261275419f34adc3e1c49c2d919379cf1e47fedd",
  "validatex": "f6e1d934647388f297132edcf80bcf7036b5eb09" ]