[ "bcrypt": {:git, "git://github.com/spawngrid/erlang-bcrypt.git", "1f1b4114f8b96184d2fb860e7d3121aed341c3b4", []},
  "cowboy": {:git, "git://github.com/extend/cowboy.git", "3b4c0588e9bb98307576f7d6e0b52ea434138e62", []},
  "edown": {:git, "git://github.com/esl/edown.git", "35f8296a25d14c5c1e3209399a2c1856700d9d5b", [{:ref, "HEAD"}]},
  "erlpass": {:git, "git://github.com/ferd/erlpass.git", "9df3643db39b5acad44643ddbcabb090437c8519", []},
  "exconfig": {:git, "git://github.com/yrashk/exconfig.git", "a32762637d366c18477366145c35d5e02428cc53", []},
  "exreloader": {:git, "git://github.com/yrashk/exreloader.git", "82e1bd157b75ed4a362f128d9d24646f36a586ba", []},
  "genx": {:git, "git://github.com/yrashk/genx.git", "a8258499ce6a5a3063ee8f37b9da6361bb799534", []},
  "hackney": {:git, "git://github.com/benoitc/hackney.git", "896fc24e8efb4a5a6966cae13e749ab7cf1f73e2", []},
  "lager": {:git, "git://github.com/basho/lager.git", "9981ca0b4d7a57a421f7a6bba71e2087c0d614ed", []},
  "lagerex": {:git, "git://github.com/yrashk/lagerex.git", "9280f2c05601da74f91e8288364bca5ccf932845", []},
  "mimetypes": {:git, "https://github.com/spawngrid/mimetypes.git", "0800544bbb684616651a2a1b30aa260132d17d37", [{:ref, "master"}]},
  "proper": {:git, "git://github.com/manopapad/proper.git", "8f09ee5252f595f32f9a8fd45b8e530b1a3fdfeb", [{:branch, "master"}]},
  "ranch": {:git, "git://github.com/extend/ranch.git", "4f70a16bbe08e446e8fec248ca345d5f8e7df038", [{:ref, "0.8.4"}]},
  "relex": {:git, "git://github.com/yrashk/relex.git", "eecb2c4d8d80aba734273bba4256b87462020804", []},
  "validatex": {:git, "git://github.com/yrashk/validatex.git", "9276ba011b96143213bed07c48095b6a38b10924", []} ]
