[ "bcrypt": {:git,"https://github.com/spawngrid/erlang-bcrypt.git","1f1b4114f8b96184d2fb860e7d3121aed341c3b4",[]},
  "cowboy": {:git,"https://github.com/extend/cowboy.git","0b82eebed654bd894802acb52697a4d4187cb228",[]},
  "edown": {:git,"https://github.com/esl/edown.git","35f8296a25d14c5c1e3209399a2c1856700d9d5b",[]},
  "erlpass": {:git,"https://github.com/ferd/erlpass.git","9df3643db39b5acad44643ddbcabb090437c8519",[]},
  "exconfig": {:git,"https://github.com/yrashk/exconfig.git","9f02d06c3fba132839cff1f9a639fd63aa2155a3",[]},
  "exreloader": {:git,"https://github.com/yrashk/exreloader.git","82e1bd157b75ed4a362f128d9d24646f36a586ba",[]},
  "genx": {:git,"https://github.com/yrashk/genx.git","85fc66c93e5e5711635e5d031a4031538b295ce0",[]},
  "hackney": {:git,"https://github.com/benoitc/hackney.git","896fc24e8efb4a5a6966cae13e749ab7cf1f73e2",[]},
  "lager": {:git,"https://github.com/basho/lager","9981ca0b4d7a57a421f7a6bba71e2087c0d614ed",[]},
  "lagerex": {:git,"https://github.com/yrashk/lagerex.git","4152858bfb058b9e2fc91cd7df9270ecb621a019",[]},
  "mimetypes": {:git,"https://github.com/spawngrid/mimetypes.git","0800544bbb684616651a2a1b30aa260132d17d37",[]},
  "proper": {:git,"https://github.com/manopapad/proper.git","8f09ee5252f595f32f9a8fd45b8e530b1a3fdfeb",[]},
  "ranch": {:git,"https://github.com/extend/ranch.git","cd099983b1b807b87fa050d1e4ff0a13aba25b49",[]},
  "relex": {:git,"https://github.com/yrashk/relex.git","99952223798fb75435196e3dc8991833aba15592",[]},
  "validatex": {:git,"https://github.com/yrashk/validatex.git","f6e1d934647388f297132edcf80bcf7036b5eb09",[]} ]